
Microsoft Visual Studio Solution File, Format Version 12.00
# Visual Studio Version 17
VisualStudioVersion = 17.8.34511.84
MinimumVisualStudioVersion = 10.0.40219.1
Project("{9A19103F-16F7-4668-BE54-9A1E7A4F7556}") = "NapalmMummies", "NapalmMummies.csproj", "{51C122CF-0627-4436-BBCD-CB728B7A2C82}"
EndProject
Global
	GlobalSection(SolutionConfigurationPlatforms) = preSolution
		Debug|Any CPU = Debug|Any CPU
		Debug|x64 = Debug|x64
		Release|Any CPU = Release|Any CPU
		Release|x64 = Release|x64
	EndGlobalSection
	GlobalSection(ProjectConfigurationPlatforms) = postSolution
		{51C122CF-0627-4436-BBCD-CB728B7A2C82}.Debug|Any CPU.ActiveCfg = Debug|Any CPU
		{51C122CF-0627-4436-BBCD-CB728B7A2C82}.Debug|Any CPU.Build.0 = Debug|Any CPU
		{51C122CF-0627-4436-BBCD-CB728B7A2C82}.Debug|x64.ActiveCfg = Debug|x64
		{51C122CF-0627-4436-BBCD-CB728B7A2C82}.Debug|x64.Build.0 = Debug|x64
		{51C122CF-0627-4436-BBCD-CB728B7A2C82}.Release|Any CPU.ActiveCfg = Release|Any CPU
		{51C122CF-0627-4436-BBCD-CB728B7A2C82}.Release|Any CPU.Build.0 = Release|Any CPU
		{51C122CF-0627-4436-BBCD-CB728B7A2C82}.Release|x64.ActiveCfg = Release|x64
		{51C122CF-0627-4436-BBCD-CB728B7A2C82}.Release|x64.Build.0 = Release|x64
	EndGlobalSection
	GlobalSection(SolutionProperties) = preSolution
		HideSolutionNode = FALSE
	EndGlobalSection
	GlobalSection(ExtensibilityGlobals) = postSolution
		SolutionGuid = {068C2995-242C-4A67-8118-39CFBD6EB608}
	EndGlobalSection
EndGlobal
